
Microsoft Visual Studio Solution File, Format Version 12.00
# Visual Studio Version 17
VisualStudioVersion = 17.6.33829.357
MinimumVisualStudioVersion = 10.0.40219.1
Project("{9A19103F-16F7-4668-BE54-9A1E7A4F7556}") = "Mod2Aula5ExercicioDiscord1", "Mod2Aula4ExercicioDiscord2\Mod2Aula5ExercicioDiscord1.csproj", "{6A5F887C-E361-475E-821D-569D27B4D671}"
EndProject
Global
	GlobalSection(SolutionConfigurationPlatforms) = preSolution
		Debug|Any CPU = Debug|Any CPU
		Release|Any CPU = Release|Any CPU
	EndGlobalSection
	GlobalSection(ProjectConfigurationPlatforms) = postSolution
		{6A5F887C-E361-475E-821D-569D27B4D671}.Debug|Any CPU.ActiveCfg = Debug|Any CPU
		{6A5F887C-E361-475E-821D-569D27B4D671}.Debug|Any CPU.Build.0 = Debug|Any CPU
		{6A5F887C-E361-475E-821D-569D27B4D671}.Release|Any CPU.ActiveCfg = Release|Any CPU
		{6A5F887C-E361-475E-821D-569D27B4D671}.Release|Any CPU.Build.0 = Release|Any CPU
	EndGlobalSection
	GlobalSection(SolutionProperties) = preSolution
		HideSolutionNode = FALSE
	EndGlobalSection
	GlobalSection(ExtensibilityGlobals) = postSolution
		SolutionGuid = {78515E8E-690E-4660-9FD8-DECB807A0F6A}
	EndGlobalSection
EndGlobal
